
Microsoft Visual Studio Solution File, Format Version 12.00
# Visual Studio Version 16
VisualStudioVersion = 16.0.30225.117
MinimumVisualStudioVersion = 10.0.40219.1
Project("{FAE04EC0-301F-11D3-BF4B-00C04F79EFBC}") = "NoteSafe", "NoteSafe.csproj", "{DF09E151-EBC0-4593-9956-EC49B1DF3C24}"
EndProject
Project("{54435603-DBB4-11D2-8724-00A0C9A8B90C}") = "Setup", "Setup\Setup.vdproj", "{DCA0239C-AF82-4B5A-9C04-7D19E666DEDD}"
EndProject
Project("{2150E333-8FDC-42A3-9474-1A3956D46DE8}") = "Solution Items", "Solution Items", "{A0BA3751-738F-44EA-A71C-9976BFA827D0}"
	ProjectSection(SolutionItems) = preProject
		README.md = README.md
	EndProjectSection
EndProject
Global
	GlobalSection(SolutionConfigurationPlatforms) = preSolution
		Debug|Any CPU = Debug|Any CPU
		Release|Any CPU = Release|Any CPU
	EndGlobalSection
	GlobalSection(ProjectConfigurationPlatforms) = postSolution
		{DF09E151-EBC0-4593-9956-EC49B1DF3C24}.Debug|Any CPU.ActiveCfg = Debug|Any CPU
		{DF09E151-EBC0-4593-9956-EC49B1DF3C24}.Debug|Any CPU.Build.0 = Debug|Any CPU
		{DF09E151-EBC0-4593-9956-EC49B1DF3C24}.Release|Any CPU.ActiveCfg = Release|Any CPU
		{DF09E151-EBC0-4593-9956-EC49B1DF3C24}.Release|Any CPU.Build.0 = Release|Any CPU
		{DCA0239C-AF82-4B5A-9C04-7D19E666DEDD}.Debug|Any CPU.ActiveCfg = Debug
		{DCA0239C-AF82-4B5A-9C04-7D19E666DEDD}.Debug|Any CPU.Build.0 = Debug
		{DCA0239C-AF82-4B5A-9C04-7D19E666DEDD}.Release|Any CPU.ActiveCfg = Release
		{DCA0239C-AF82-4B5A-9C04-7D19E666DEDD}.Release|Any CPU.Build.0 = Release
	EndGlobalSection
	GlobalSection(SolutionProperties) = preSolution
		HideSolutionNode = FALSE
	EndGlobalSection
	GlobalSection(ExtensibilityGlobals) = postSolution
		SolutionGuid = {3EC65269-8E39-4AAA-B8DA-BE98B230955D}
	EndGlobalSection
EndGlobal
